{
  "version": 4,
  "terraform_version": "1.14.8",
  "serial": 13,
  "lineage": "071e943d-bc90-86d5-bb6e-db827a240559",
  "outputs": {
    "created_file": {
      "value": "devops.txt",
      "type": "string"
    }
  },
  "resources": [
    {
      "mode": "managed",
      "type": "local_file",
      "name": "demo",
      "provider": "provider[\"registry.terraform.io/hashicorp/local\"]",
      "instances": [
        {
          "schema_version": 0,
          "attributes": {
            "content": "Hello from Terraform Variables",
            "content_base64": null,
            "content_base64sha256": "nWDhbPt6N13bFyxFPLFM0MXktckYK08MFluZi556zUg=",
            "content_base64sha512": "+WWGhlNs7cxQQLCxS9MSzjLfDZihLmWJ9RJaXmtvMO/qghvpa9HVtR8yrMpXr+j+yrX2OJyHbAvIGhEOLSXogQ==",
            "content_md5": "c8e617a0a856fee171c054c446a8e77a",
            "content_sha1": "879c4126f3466b937dadf497a88c82bc9ef272a9",
            "content_sha256": "9d60e16cfb7a375ddb172c453cb14cd0c5e4b5c9182b4f0c165b998b9e7acd48",
            "content_sha512": "f9658686536cedcc5040b0b14bd312ce32df0d98a12e6589f5125a5e6b6f30efea821be96bd1d5b51f32acca57afe8fecab5f6389c876c0bc81a110e2d25e881",
            "directory_permission": "0777",
            "file_permission": "0777",
            "filename": "devops.txt",
            "id": "879c4126f3466b937dadf497a88c82bc9ef272a9",
            "sensitive_content": null,
            "source": null
          },
          "sensitive_attributes": [
            [
              {
                "type": "get_attr",
                "value": "sensitive_content"
              }
            ]
          ],
          "identity_schema_version": 0
        }
      ]
    },
    {
      "mode": "managed",
      "type": "null_resource",
      "name": "docker_run",
      "provider": "provider[\"registry.terraform.io/hashicorp/null\"]",
      "instances": [
        {
          "schema_version": 0,
          "attributes": {
            "id": "3247944509030208854",
            "triggers": null
          },
          "sensitive_attributes": [],
          "identity_schema_version": 0
        }
      ]
    }
  ],
  "check_results": null
}
